// !$*UTF8*$!
{
	archiveVersion = 1;
	classes = {
	};
	objectVersion = 46;
	objects = {

/* Begin PBXBuildFile section */
		FACB3D071D178E9A008DC009 /* AppDelegate.swift in Sources */ = {isa = PBXBuildFile; fileRef = FACB3D061D178E9A008DC009 /* AppDelegate.swift */; };
		FACB3D091D178E9A008DC009 /* ViewController.swift in Sources */ = {isa = PBXBuildFile; fileRef = FACB3D081D178E9A008DC009 /* ViewController.swift */; };
		FACB3D0C1D178E9A008DC009 /* Main.storyboard in Resources */ = {isa = PBXBuildFile; fileRef = FACB3D0A1D178E9A008DC009 /* Main.storyboard */; };
		FACB3D0E1D178E9A008DC009 /* Assets.xcassets in Resources */ = {isa = PBXBuildFile; fileRef = FACB3D0D1D178E9A008DC009 /* Assets.xcassets */; };
		FACB3D111D178E9A008DC009 /* LaunchScreen.storyboard in Resources */ = {isa = PBXBuildFile; fileRef = FACB3D0F1D178E9A008DC009 /* LaunchScreen.storyboard */; };
		FACB3D1F1D17D341008DC009 /* ActionViewController.swift in Sources */ = {isa = PBXBuildFile; fileRef = FACB3D1E1D17D341008DC009 /* ActionViewController.swift */; };
		FACB3D221D17D341008DC009 /* MainInterface.storyboard in Resources */ = {isa = PBXBuildFile; fileRef = FACB3D201D17D341008DC009 /* MainInterface.storyboard */; };
		FACB3D261D17D341008DC009 /* Extension.appex in Embed App Extensions */ = {isa = PBXBuildFile; fileRef = FACB3D1C1D17D341008DC009 /* Extension.appex */; settings = {ATTRIBUTES = (RemoveHeadersOnCopy, ); }; };
/* End PBXBuildFile section */

/* Begin PBXContainerItemProxy section */
		FACB3D241D17D341008DC009 /* PBXContainerItemProxy */ = {
			isa = PBXContainerItemProxy;
			containerPortal = FACB3CFB1D178E9A008DC009 /* Project object */;
			proxyType = 1;
			remoteGlobalIDString = FACB3D1B1D17D341008DC009;
			remoteInfo = Extension;
		};
/* End PBXContainerItemProxy section */

/* Begin PBXCopyFilesBuildPhase section */
		FACB3D2A1D17D341008DC009 /* Embed App Extensions */ = {
			isa = PBXCopyFilesBuildPhase;
			buildActionMask = 2147483647;
			dstPath = "";
			dstSubfolderSpec = 13;
			files = (
				FACB3D261D17D341008DC009 /* Extension.appex in Embed App Extensions */,
			);
			name = "Embed App Extensions";
			runOnlyForDeploymentPostprocessing = 0;
		};
/* End PBXCopyFilesBuildPhase section */

/* Begin PBXFileReference section */
		FACB3D031D178E9A008DC009 /* Safari Extension.app */ = {isa = PBXFileReference; explicitFileType = wrapper.application; includeInIndex = 0; path = "Safari Extension.app"; sourceTree = BUILT_PRODUCTS_DIR; };
		FACB3D061D178E9A008DC009 /* AppDelegate.swift */ = {isa = PBXFileReference; lastKnownFileType = sourcecode.swift; path = AppDelegate.swift; sourceTree = "<group>"; };
		FACB3D081D178E9A008DC009 /* ViewController.swift */ = {isa = PBXFileReference; lastKnownFileType = sourcecode.swift; path = ViewController.swift; sourceTree = "<group>"; };
		FACB3D0B1D178E9A008DC009 /* Base */ = {isa = PBXFileReference; lastKnownFileType = file.storyboard; name = Base; path = Base.lproj/Main.storyboard; sourceTree = "<group>"; };
		FACB3D0D1D178E9A008DC009 /* Assets.xcassets */ = {isa = PBXFileReference; lastKnownFileType = folder.assetcatalog; path = Assets.xcassets; sourceTree = "<group>"; };
		FACB3D101D178E9A008DC009 /* Base */ = {isa = PBXFileReference; lastKnownFileType = file.storyboard; name = Base; path = Base.lproj/LaunchScreen.storyboard; sourceTree = "<group>"; };
		FACB3D121D178E9A008DC009 /* Info.plist */ = {isa = PBXFileReference; lastKnownFileType = text.plist.xml; path = Info.plist; sourceTree = "<group>"; };
		FACB3D1C1D17D341008DC009 /* Extension.appex */ = {isa = PBXFileReference; explicitFileType = "wrapper.app-extension"; includeInIndex = 0; path = Extension.appex; sourceTree = BUILT_PRODUCTS_DIR; };
		FACB3D1E1D17D341008DC009 /* ActionViewController.swift */ = {isa = PBXFileReference; lastKnownFileType = sourcecode.swift; path = ActionViewController.swift; sourceTree = "<group>"; };
		FACB3D211D17D341008DC009 /* Base */ = {isa = PBXFileReference; lastKnownFileType = file.storyboard; name = Base; path = Base.lproj/MainInterface.storyboard; sourceTree = "<group>"; };
		FACB3D231D17D341008DC009 /* Info.plist */ = {isa = PBXFileReference; lastKnownFileType = text.plist.xml; path = Info.plist; sourceTree = "<group>"; };
/* End PBXFileReference section */

/* Begin PBXFrameworksBuildPhase section */
		FACB3D001D178E9A008DC009 /* Frameworks */ = {
			isa = PBXFrameworksBuildPhase;
			buildActionMask = 2147483647;
			files = (
			);
			runOnlyForDeploymentPostprocessing = 0;
		};
		FACB3D191D17D341008DC009 /* Frameworks */ = {
			isa = PBXFrameworksBuildPhase;
			buildActionMask = 2147483647;
			files = (
			);
			runOnlyForDeploymentPostprocessing = 0;
		};
/* End PBXFrameworksBuildPhase section */

/* Begin PBXGroup section */
		FACB3CFA1D178E9A008DC009 = {
			isa = PBXGroup;
			children = (
				FACB3D051D178E9A008DC009 /* Safari Extension */,
				FACB3D1D1D17D341008DC009 /* Extension */,
				FACB3D041D178E9A008DC009 /* Products */,
			);
			sourceTree = "<group>";
		};
		FACB3D041D178E9A008DC009 /* Products */ = {
			isa = PBXGroup;
			children = (
				FACB3D031D178E9A008DC009 /* Safari Extension.app */,
				FACB3D1C1D17D341008DC009 /* Extension.appex */,
			);
			name = Products;
			sourceTree = "<group>";
		};
		FACB3D051D178E9A008DC009 /* Safari Extension */ = {
			isa = PBXGroup;
			children = (
				FACB3D061D178E9A008DC009 /* AppDelegate.swift */,
				FACB3D081D178E9A008DC009 /* ViewController.swift */,
				FACB3D0A1D178E9A008DC009 /* Main.storyboard */,
				FACB3D0D1D178E9A008DC009 /* Assets.xcassets */,
				FACB3D0F1D178E9A008DC009 /* LaunchScreen.storyboard */,
				FACB3D121D178E9A008DC009 /* Info.plist */,
			);
			path = "Safari Extension";
			sourceTree = "<group>";
		};
		FACB3D1D1D17D341008DC009 /* Extension */ = {
			isa = PBXGroup;
			children = (
				FACB3D1E1D17D341008DC009 /* ActionViewController.swift */,
				FACB3D201D17D341008DC009 /* MainInterface.storyboard */,
				FACB3D231D17D341008DC009 /* Info.plist */,
			);
			path = Extension;
			sourceTree = "<group>";
		};
/* End PBXGroup section */

/* Begin PBXNativeTarget section */
		FACB3D021D178E9A008DC009 /* Safari Extension */ = {
			isa = PBXNativeTarget;
			buildConfigurationList = FACB3D151D178E9A008DC009 /* Build configuration list for PBXNativeTarget "Safari Extension" */;
			buildPhases = (
				FACB3CFF1D178E9A008DC009 /* Sources */,
				FACB3D001D178E9A008DC009 /* Frameworks */,
				FACB3D011D178E9A008DC009 /* Resources */,
				FACB3D2A1D17D341008DC009 /* Embed App Extensions */,
			);
			buildRules = (
			);
			dependencies = (
				FACB3D251D17D341008DC009 /* PBXTargetDependency */,
			);
			name = "Safari Extension";
			productName = "Safari Extension";
			productReference = FACB3D031D178E9A008DC009 /* Safari Extension.app */;
			productType = "com.apple.product-type.application";
		};
		FACB3D1B1D17D341008DC009 /* Extension */ = {
			isa = PBXNativeTarget;
			buildConfigurationList = FACB3D271D17D341008DC009 /* Build configuration list for PBXNativeTarget "Extension" */;
			buildPhases = (
				FACB3D181D17D341008DC009 /* Sources */,
				FACB3D191D17D341008DC009 /* Frameworks */,
				FACB3D1A1D17D341008DC009 /* Resources */,
			);
			buildRules = (
			);
			dependencies = (
			);
			name = Extension;
			productName = Extension;
			productReference = FACB3D1C1D17D341008DC009 /* Extension.appex */;
			productType = "com.apple.product-type.app-extension";
		};
/* End PBXNativeTarget section */

/* Begin PBXProject section */
		FACB3CFB1D178E9A008DC009 /* Project object */ = {
			isa = PBXProject;
			attributes = {
				LastSwiftUpdateCheck = 0730;
				LastUpgradeCheck = 0730;
				ORGANIZATIONNAME = "Alex Barcenas";
				TargetAttributes = {
					FACB3D021D178E9A008DC009 = {
						CreatedOnToolsVersion = 7.3.1;
						DevelopmentTeam = 2ZSXJFDZ3N;
					};
					FACB3D1B1D17D341008DC009 = {
						CreatedOnToolsVersion = 7.3.1;
						DevelopmentTeam = 2ZSXJFDZ3N;
					};
				};
			};
			buildConfigurationList = FACB3CFE1D178E9A008DC009 /* Build configuration list for PBXProject "Safari Extension" */;
			compatibilityVersion = "Xcode 3.2";
			developmentRegion = English;
			hasScannedForEncodings = 0;
			knownRegions = (
				en,
				Base,
			);
			mainGroup = FACB3CFA1D178E9A008DC009;
			productRefGroup = FACB3D041D178E9A008DC009 /* Products */;
			projectDirPath = "";
			projectRoot = "";
			targets = (
				FACB3D021D178E9A008DC009 /* Safari Extension */,
				FACB3D1B1D17D341008DC009 /* Extension */,
			);
		};
/* End PBXProject section */

/* Begin PBXResourcesBuildPhase section */
		FACB3D011D178E9A008DC009 /* Resources */ = {
			isa = PBXResourcesBuildPhase;
			buildActionMask = 2147483647;
			files = (
				FACB3D111D178E9A008DC009 /* LaunchScreen.storyboard in Resources */,
				FACB3D0E1D178E9A008DC009 /* Assets.xcassets in Resources */,
				FACB3D0C1D178E9A008DC009 /* Main.storyboard in Resources */,
			);
			runOnlyForDeploymentPostprocessing = 0;
		};
		FACB3D1A1D17D341008DC009 /* Resources */ = {
			isa = PBXResourcesBuildPhase;
			buildActionMask = 2147483647;
			files = (
				FACB3D221D17D341008DC009 /* MainInterface.storyboard in Resources */,
			);
			runOnlyForDeploymentPostprocessing = 0;
		};
/* End PBXResourcesBuildPhase section */

/* Begin PBXSourcesBuildPhase section */
		FACB3CFF1D178E9A008DC009 /* Sources */ = {
			isa = PBXSourcesBuildPhase;
			buildActionMask = 2147483647;
			files = (
				FACB3D091D178E9A008DC009 /* ViewController.swift in Sources */,
				FACB3D071D178E9A008DC009 /* AppDelegate.swift in Sources */,
			);
			runOnlyForDeploymentPostprocessing = 0;
		};
		FACB3D181D17D341008DC009 /* Sources */ = {
			isa = PBXSourcesBuildPhase;
			buildActionMask = 2147483647;
			files = (
				FACB3D1F1D17D341008DC009 /* ActionViewController.swift in Sources */,
			);
			runOnlyForDeploymentPostprocessing = 0;
		};
/* End PBXSourcesBuildPhase section */

/* Begin PBXTargetDependency section */
		FACB3D251D17D341008DC009 /* PBXTargetDependency */ = {
			isa = PBXTargetDependency;
			target = FACB3D1B1D17D341008DC009 /* Extension */;
			targetProxy = FACB3D241D17D341008DC009 /* PBXContainerItemProxy */;
		};
/* End PBXTargetDependency section */

/* Begin PBXVariantGroup section */
		FACB3D0A1D178E9A008DC009 /* Main.storyboard */ = {
			isa = PBXVariantGroup;
			children = (
				FACB3D0B1D178E9A008DC009 /* Base */,
			);
			name = Main.storyboard;
			sourceTree = "<group>";
		};
		FACB3D0F1D178E9A008DC009 /* LaunchScreen.storyboard */ = {
			isa = PBXVariantGroup;
			children = (
				FACB3D101D178E9A008DC009 /* Base */,
			);
			name = LaunchScreen.storyboard;
			sourceTree = "<group>";
		};
		FACB3D201D17D341008DC009 /* MainInterface.storyboard */ = {
			isa = PBXVariantGroup;
			children = (
				FACB3D211D17D341008DC009 /* Base */,
			);
			name = MainInterface.storyboard;
			sourceTree = "<group>";
		};
/* End PBXVariantGroup section */

/* Begin XCBuildConfiguration section */
		FACB3D131D178E9A008DC009 /* Debug */ = {
			isa = XCBuildConfiguration;
			buildSettings = {
				ALWAYS_SEARCH_USER_PATHS = NO;
				CLANG_ANALYZER_NONNULL = YES;
				CLANG_CXX_LANGUAGE_STANDARD = "gnu++0x";
				CLANG_CXX_LIBRARY = "libc++";
				CLANG_ENABLE_MODULES = YES;
				CLANG_ENABLE_OBJC_ARC = YES;
				CLANG_WARN_BOOL_CONVERSION = YES;
				CLANG_WARN_CONSTANT_CONVERSION = YES;
				CLANG_WARN_DIRECT_OBJC_ISA_USAGE = YES_ERROR;
				CLANG_WARN_EMPTY_BODY = YES;
				CLANG_WARN_ENUM_CONVERSION = YES;
				CLANG_WARN_INT_CONVERSION = YES;
				CLANG_WARN_OBJC_ROOT_CLASS = YES_ERROR;
				CLANG_WARN_UNREACHABLE_CODE = YES;
				CLANG_WARN__DUPLICATE_METHOD_MATCH = YES;
				"CODE_SIGN_IDENTITY[sdk=iphoneos*]" = "iPhone Developer";
				COPY_PHASE_STRIP = NO;
				DEBUG_INFORMATION_FORMAT = dwarf;
				ENABLE_STRICT_OBJC_MSGSEND = YES;
				ENABLE_TESTABILITY = YES;
				GCC_C_LANGUAGE_STANDARD = gnu99;
				GCC_DYNAMIC_NO_PIC = NO;
				GCC_NO_COMMON_BLOCKS = YES;
				GCC_OPTIMIZATION_LEVEL = 0;
				GCC_PREPROCESSOR_DEFINITIONS = (
					"DEBUG=1",
					"$(inherited)",
				);
				GCC_WARN_64_TO_32_BIT_CONVERSION = YES;
				GCC_WARN_ABOUT_RETURN_TYPE = YES_ERROR;
				GCC_WARN_UNDECLARED_SELECTOR = YES;
				GCC_WARN_UNINITIALIZED_AUTOS = YES_AGGRESSIVE;
				GCC_WARN_UNUSED_FUNCTION = YES;
				GCC_WARN_UNUSED_VARIABLE = YES;
				IPHONEOS_DEPLOYMENT_TARGET = 9.3;
				MTL_ENABLE_DEBUG_INFO = YES;
				ONLY_ACTIVE_ARCH = YES;
				SDKROOT = iphoneos;
				SWIFT_OPTIMIZATION_LEVEL = "-Onone";
			};
			name = Debug;
		};
		FACB3D141D178E9A008DC009 /* Release */ = {
			isa = XCBuildConfiguration;
			buildSettings = {
				ALWAYS_SEARCH_USER_PATHS = NO;
				CLANG_ANALYZER_NONNULL = YES;
				CLANG_CXX_LANGUAGE_STANDARD = "gnu++0x";
				CLANG_CXX_LIBRARY = "libc++";
				CLANG_ENABLE_MODULES = YES;
				CLANG_ENABLE_OBJC_ARC = YES;
				CLANG_WARN_BOOL_CONVERSION = YES;
				CLANG_WARN_CONSTANT_CONVERSION = YES;
				CLANG_WARN_DIRECT_OBJC_ISA_USAGE = YES_ERROR;
				CLANG_WARN_EMPTY_BODY = YES;
				CLANG_WARN_ENUM_CONVERSION = YES;
				CLANG_WARN_INT_CONVERSION = YES;
				CLANG_WARN_OBJC_ROOT_CLASS = YES_ERROR;
				CLANG_WARN_UNREACHABLE_CODE = YES;
				CLANG_WARN__DUPLICATE_METHOD_MATCH = YES;
				"CODE_SIGN_IDENTITY[sdk=iphoneos*]" = "iPhone Developer";
				COPY_PHASE_STRIP = NO;
				DEBUG_INFORMATION_FORMAT = "dwarf-with-dsym";
				ENABLE_NS_ASSERTIONS = NO;
				ENABLE_STRICT_OBJC_MSGSEND = YES;
				GCC_C_LANGUAGE_STANDARD = gnu99;
				GCC_NO_COMMON_BLOCKS = YES;
				GCC_WARN_64_TO_32_BIT_CONVERSION = YES;
				GCC_WARN_ABOUT_RETURN_TYPE = YES_ERROR;
				GCC_WARN_UNDECLARED_SELECTOR = YES;
				GCC_WARN_UNINITIALIZED_AUTOS = YES_AGGRESSIVE;
				GCC_WARN_UNUSED_FUNCTION = YES;
				GCC_WARN_UNUSED_VARIABLE = YES;
				IPHONEOS_DEPLOYMENT_TARGET = 9.3;
				MTL_ENABLE_DEBUG_INFO = NO;
				SDKROOT = iphoneos;
				VALIDATE_PRODUCT = YES;
			};
			name = Release;
		};
		FACB3D161D178E9A008DC009 /* Debug */ = {
			isa = XCBuildConfiguration;
			buildSettings = {
				ASSETCATALOG_COMPILER_APPICON_NAME = AppIcon;
				EMBEDDED_CONTENT_CONTAINS_SWIFT = YES;
				INFOPLIST_FILE = "Safari Extension/Info.plist";
				LD_RUNPATH_SEARCH_PATHS = "$(inherited) @executable_path/Frameworks";
				PRODUCT_BUNDLE_IDENTIFIER = "Alex-Barcenas.Safari-Extension";
				PRODUCT_NAME = "$(TARGET_NAME)";
			};
			name = Debug;
		};
		FACB3D171D178E9A008DC009 /* Release */ = {
			isa = XCBuildConfiguration;
			buildSettings = {
				ASSETCATALOG_COMPILER_APPICON_NAME = AppIcon;
				EMBEDDED_CONTENT_CONTAINS_SWIFT = YES;
				INFOPLIST_FILE = "Safari Extension/Info.plist";
				LD_RUNPATH_SEARCH_PATHS = "$(inherited) @executable_path/Frameworks";
				PRODUCT_BUNDLE_IDENTIFIER = "Alex-Barcenas.Safari-Extension";
				PRODUCT_NAME = "$(TARGET_NAME)";
			};
			name = Release;
		};
		FACB3D281D17D341008DC009 /* Debug */ = {
			isa = XCBuildConfiguration;
			buildSettings = {
				INFOPLIST_FILE = Extension/Info.plist;
				LD_RUNPATH_SEARCH_PATHS = "$(inherited) @executable_path/Frameworks @executable_path/../../Frameworks";
				PRODUCT_BUNDLE_IDENTIFIER = "Alex-Barcenas.Safari-Extension.Extension";
				PRODUCT_NAME = "$(TARGET_NAME)";
				SKIP_INSTALL = YES;
			};
			name = Debug;
		};
		FACB3D291D17D341008DC009 /* Release */ = {
			isa = XCBuildConfiguration;
			buildSettings = {
				INFOPLIST_FILE = Extension/Info.plist;
				LD_RUNPATH_SEARCH_PATHS = "$(inherited) @executable_path/Frameworks @executable_path/../../Frameworks";
				PRODUCT_BUNDLE_IDENTIFIER = "Alex-Barcenas.Safari-Extension.Extension";
				PRODUCT_NAME = "$(TARGET_NAME)";
				SKIP_INSTALL = YES;
			};
			name = Release;
		};
/* End XCBuildConfiguration section */

/* Begin XCConfigurationList section */
		FACB3CFE1D178E9A008DC009 /* Build configuration list for PBXProject "Safari Extension" */ = {
			isa = XCConfigurationList;
			buildConfigurations = (
				FACB3D131D178E9A008DC009 /* Debug */,
				FACB3D141D178E9A008DC009 /* Release */,
			);
			defaultConfigurationIsVisible = 0;
			defaultConfigurationName = Release;
		};
		FACB3D151D178E9A008DC009 /* Build configuration list for PBXNativeTarget "Safari Extension" */ = {
			isa = XCConfigurationList;
			buildConfigurations = (
				FACB3D161D178E9A008DC009 /* Debug */,
				FACB3D171D178E9A008DC009 /* Release */,
			);
			defaultConfigurationIsVisible = 0;
		};
		FACB3D271D17D341008DC009 /* Build configuration list for PBXNativeTarget "Extension" */ = {
			isa = XCConfigurationList;
			buildConfigurations = (
				FACB3D281D17D341008DC009 /* Debug */,
				FACB3D291D17D341008DC009 /* Release */,
			);
			defaultConfigurationIsVisible = 0;
		};
/* End XCConfigurationList section */
	};
	rootObject = FACB3CFB1D178E9A008DC009 /* Project object */;
}
